
Microsoft Visual Studio Solution File, Format Version 12.00
# Visual Studio Version 17
VisualStudioVersion = 17.14.36301.6 d17.14
MinimumVisualStudioVersion = 10.0.40219.1
Project("{FAE04EC0-301F-11D3-BF4B-00C04F79EFBC}") = "ProductMonitor", "ProductMonitor\ProductMonitor.csproj", "{FA0466A8-DE05-427A-B1D0-D39DEB608DBB}"
EndProject
Global
	GlobalSection(SolutionConfigurationPlatforms) = preSolution
		Debug|Any CPU = Debug|Any CPU
		Release|Any CPU = Release|Any CPU
	EndGlobalSection
	GlobalSection(ProjectConfigurationPlatforms) = postSolution
		{FA0466A8-DE05-427A-B1D0-D39DEB608DBB}.Debug|Any CPU.ActiveCfg = Debug|Any CPU
		{FA0466A8-DE05-427A-B1D0-D39DEB608DBB}.Debug|Any CPU.Build.0 = Debug|Any CPU
		{FA0466A8-DE05-427A-B1D0-D39DEB608DBB}.Release|Any CPU.ActiveCfg = Release|Any CPU
		{FA0466A8-DE05-427A-B1D0-D39DEB608DBB}.Release|Any CPU.Build.0 = Release|Any CPU
	EndGlobalSection
	GlobalSection(SolutionProperties) = preSolution
		HideSolutionNode = FALSE
	EndGlobalSection
	GlobalSection(ExtensibilityGlobals) = postSolution
		SolutionGuid = {4EA3DC38-8FC5-4E35-B88C-B1AE0CF82766}
	EndGlobalSection
EndGlobal
